PODS:
  - AppCenter (1.10.1):
    - AppCenter/Analytics (= 1.10.1)
    - AppCenter/Crashes (= 1.10.1)
  - AppCenter/Analytics (1.10.1):
    - AppCenter/Core
  - AppCenter/Core (1.10.1)
  - AppCenter/Crashes (1.10.1):
    - AppCenter/Core

DEPENDENCIES:
  - AppCenter

SPEC REPOS:
  https://github.com/cocoapods/specs.git:
    - AppCenter

SPEC CHECKSUMS:
  AppCenter: 6b3254458592514c5af262473732aeda48d58d58

PODFILE CHECKSUM: d97a687397122080be0a3e3a8272c4be5d301488

COCOAPODS: 1.5.3
